github.com/VividCortex/ewma v1.1.1 h1:MnEK4VOv6n0RSY4vtRe3h11qjxL3+t0B8yOL8iMXdcM=
github.com/VividCortex/ewma v1.1.1/go.mod h1:2Tkkvm3sRDVXaiyucHiACn4cqf7DpdyLvmxzcbUokwA=
github.com/cheggaaa/pb/v3 v3.0.8 h1:bC8oemdChbke2FHIIGy9mn4DPJ2caZYQnfbRqwmdCoA=
github.com/cheggaaa/pb/v3 v3.0.8/go.mod h1:UICbiLec/XO6Hw6k+BHEtHeQFzzBH4i2/qk/ow1EJTA=
github.com/fatih/color v1.10.0 h1:s36xzo75JdqLaaWoiEHk767eHiwo0598uUxyfiPkDsg=
github.com/fatih/color v1.10.0/go.mod h1:ELkj/draVOlAH/xkhN6mQ50Qd0MPOk5AAr3maGEBuJM=
github.com/fatih/color v1.12.0 h1:mRhaKNwANqRgUBGKmnI5ZxEk7QXmjQeCcuYFMX2bfcc=
github.com/fatih/color v1.12.0/go.mod h1:ELkj/draVOlAH/xkhN6mQ50Qd0MPOk5AAr3maGEBuJM=
github.com/golang-jwt/jwt v3.2.2+incompatible h1:IfV12K8xAKAnZqdXVzCZ+TOjboZ2keLg81eXfW3O+oY=
github.com/golang-jwt/jwt v3.2.2+incompatible/go.mod h1:8pz2t5EyA70fFQQSrl6XZXzqecmYZeUEB8OUGHkxJ+I=
github.com/kirsle/configdir v0.0.0-20170128060238-e45d2f54772f h1:dKccXx7xA56UNqOcFIbuqFjAWPVtP688j5QMgmo6OHU=
github.com/kirsle/configdir v0.0.0-20170128060238-e45d2f54772f/go.mod h1:4rEELDSfUAlBSyUjPG0JnaNGjf13JySHFeRdD/3dLP0=
github.com/mattn/go-colorable v0.1.8 h1:c1ghPdyEDarC70ftn0y+A/Ee++9zz8ljHG1b13eJ0s8=
github.com/mattn/go-colorable v0.1.8/go.mod h1:u6P/XSegPjTcexA+o6vUJrdnUu04hMope9wVRipJSqc=
github.com/mattn/go-isatty v0.0.12 h1:wuysRhFDzyxgEmMf5xjvJ2M9dZoWAXNNr5LSBS7uHXY=
github.com/mattn/go-isatty v0.0.12/go.mod h1:cbi8OIDigv2wuxKPP5vlRcQ1OAZbq2CE4Kysco4FUpU=
github.com/mattn/go-runewidth v0.0.12 h1:Y41i/hVW3Pgwr8gV+J23B9YEY0zxjptBuCWEaxmAOow=
github.com/mattn/go-runewidth v0.0.12/go.mod h1:RAqKPSqVFrSLVXbA8x7dzmKdmGzieGRCM46jaSJTDAk=
github.com/mdp/qrterminal v1.0.1 h1:07+fzVDlPuBlXS8tB0ktTAyf+Lp1j2+2zK3fBOL5b7c=
github.com/mdp/qrterminal v1.0.1/go.mod h1:Z33WhxQe9B6CdW37HaVqcRKzP+kByF3q/qLxOGe12xQ=
github.com/rivo/uniseg v0.1.0/go.mod h1:J6wj4VEh+S6ZtnVlnTBMWIodfgj8LQOQFoIToxlJtxc=
github.com/rivo/uniseg v0.2.0 h1:S1pD9weZBuJdFmowNwbpi7BJ8TNftyUImj/0WQi72jY=
github.com/rivo/uniseg v0.2.0/go.mod h1:J6wj4VEh+S6ZtnVlnTBMWIodfgj8LQOQFoIToxlJtxc=
golang.org/x/sys v0.0.0-20200116001909-b77594299b42/go.mod h1:h1NjWce9XRLGQEsW7wpKNCjG9DtNlClVuFLEZdDNbEs=
golang.org/x/sys v0.0.0-20200223170610-d5e6a3e2c0ae/go.mod h1:h1NjWce9XRLGQEsW7wpKNCjG9DtNlClVuFLEZdDNbEs=
golang.org/x/sys v0.0.0-20210403161142-5e06dd20ab57 h1:F5Gozwx4I1xtr/sr/8CFbb57iKi3297KFs0QDbGN60A=
golang.org/x/sys v0.0.0-20210403161142-5e06dd20ab57/go.mod h1:h1NjWce9XRLGQEsW7wpKNCjG9DtNlClVuFLEZdDNbEs=
golang.org/x/sys v0.0.0-20210615035016-665e8c7367d1 h1:SrN+KX8Art/Sf4HNj6Zcz06G7VEz+7w9tdXTPOZ7+l4=
golang.org/x/sys v0.0.0-20210615035016-665e8c7367d1/go.mod h1:oPkhp1MJrh7nUepCBck5+mAzfO9JrbApNNgaTdGDITg=
golang.org/x/term v0.0.0-20210615171337-6886f2dfbf5b h1:9zKuko04nR4gjZ4+DNjHqRlAJqbJETHwiNKDqTfOjfE=
golang.org/x/term v0.0.0-20210615171337-6886f2dfbf5b/go.mod h1:jbD1KX2456YbFQfuXm/mYQcufACuNUgVhRMnK/tPxf8=
rsc.io/qr v0.2.0 h1:6vBLea5/NRMVTz8V66gipeLycZMl/+UlFmk8DvqQ6WY=
rsc.io/qr v0.2.0/go.mod h1:IF+uZjkb9fqyeF/4tlBoynqmQxUoPfWEKh921coOuXs=
